
Microsoft Visual Studio Solution File, Format Version 12.00
# Visual Studio Version 17
VisualStudioVersion = 17.5.002.0
MinimumVisualStudioVersion = 10.0.40219.1
Project("{9A19103F-16F7-4668-BE54-9A1E7A4F7556}") = "ChuyenDoiNhietDo", "ChuyenDoiNhietDo.csproj", "{26E550DE-19F7-433D-A4D5-3CD1C49B2B15}"
EndProject
Global
	GlobalSection(SolutionConfigurationPlatforms) = preSolution
		Debug|Any CPU = Debug|Any CPU
		Release|Any CPU = Release|Any CPU
	EndGlobalSection
	GlobalSection(ProjectConfigurationPlatforms) = postSolution
		{26E550DE-19F7-433D-A4D5-3CD1C49B2B15}.Debug|Any CPU.ActiveCfg = Debug|Any CPU
		{26E550DE-19F7-433D-A4D5-3CD1C49B2B15}.Debug|Any CPU.Build.0 = Debug|Any CPU
		{26E550DE-19F7-433D-A4D5-3CD1C49B2B15}.Release|Any CPU.ActiveCfg = Release|Any CPU
		{26E550DE-19F7-433D-A4D5-3CD1C49B2B15}.Release|Any CPU.Build.0 = Release|Any CPU
	EndGlobalSection
	GlobalSection(SolutionProperties) = preSolution
		HideSolutionNode = FALSE
	EndGlobalSection
	GlobalSection(ExtensibilityGlobals) = postSolution
		SolutionGuid = {A0D420F0-3C07-4E88-854D-E3BD1DBCE829}
	EndGlobalSection
EndGlobal
